
Microsoft Visual Studio Solution File, Format Version 12.00
# Visual Studio Version 17
VisualStudioVersion = 17.6.33829.357
MinimumVisualStudioVersion = 10.0.40219.1
Project("{FAE04EC0-301F-11D3-BF4B-00C04F79EFBC}") = "ActorManagement", "ActorManagement\ActorManagement.csproj", "{071F392B-6EF1-4CCD-B1F2-E88FA6A531C7}"
EndProject
Global
	GlobalSection(SolutionConfigurationPlatforms) = preSolution
		Debug|Any CPU = Debug|Any CPU
		Release|Any CPU = Release|Any CPU
	EndGlobalSection
	GlobalSection(ProjectConfigurationPlatforms) = postSolution
		{071F392B-6EF1-4CCD-B1F2-E88FA6A531C7}.Debug|Any CPU.ActiveCfg = Debug|Any CPU
		{071F392B-6EF1-4CCD-B1F2-E88FA6A531C7}.Debug|Any CPU.Build.0 = Debug|Any CPU
		{071F392B-6EF1-4CCD-B1F2-E88FA6A531C7}.Release|Any CPU.ActiveCfg = Release|Any CPU
		{071F392B-6EF1-4CCD-B1F2-E88FA6A531C7}.Release|Any CPU.Build.0 = Release|Any CPU
	EndGlobalSection
	GlobalSection(SolutionProperties) = preSolution
		HideSolutionNode = FALSE
	EndGlobalSection
	GlobalSection(ExtensibilityGlobals) = postSolution
		SolutionGuid = {54FE9074-A6A3-474A-8DAF-16F32B4E3C2A}
	EndGlobalSection
EndGlobal
